
Microsoft Visual Studio Solution File, Format Version 12.00
Project("{FAE04EC0-301F-11D3-BF4B-00C04F79EFBC}") = "Employee.Server", "Employee.Server\Employee.Server.csproj", "{D717F76E-693E-4B8D-9A2E-B7E072CE9B83}"
EndProject
Project("{FAE04EC0-301F-11D3-BF4B-00C04F79EFBC}") = "Employee.Domain", "Employee.Domain\Employee.Domain.csproj", "{A37F2BAA-56AF-4664-ACE1-F7C8376A5295}"
EndProject
Project("{FAE04EC0-301F-11D3-BF4B-00C04F79EFBC}") = "Employee.Data", "Employee.Data\Employee.Data.csproj", "{D1B188FE-DF7F-4A6B-BB48-0E8ECBC8245F}"
EndProject
Global
	GlobalSection(SolutionConfigurationPlatforms) = preSolution
		Debug|Any CPU = Debug|Any CPU
		Release|Any CPU = Release|Any CPU
	EndGlobalSection
	GlobalSection(ProjectConfigurationPlatforms) = postSolution
		{D717F76E-693E-4B8D-9A2E-B7E072CE9B83}.Debug|Any CPU.ActiveCfg = Debug|Any CPU
		{D717F76E-693E-4B8D-9A2E-B7E072CE9B83}.Debug|Any CPU.Build.0 = Debug|Any CPU
		{D717F76E-693E-4B8D-9A2E-B7E072CE9B83}.Release|Any CPU.ActiveCfg = Release|Any CPU
		{D717F76E-693E-4B8D-9A2E-B7E072CE9B83}.Release|Any CPU.Build.0 = Release|Any CPU
		{A37F2BAA-56AF-4664-ACE1-F7C8376A5295}.Debug|Any CPU.ActiveCfg = Debug|Any CPU
		{A37F2BAA-56AF-4664-ACE1-F7C8376A5295}.Debug|Any CPU.Build.0 = Debug|Any CPU
		{A37F2BAA-56AF-4664-ACE1-F7C8376A5295}.Release|Any CPU.ActiveCfg = Release|Any CPU
		{A37F2BAA-56AF-4664-ACE1-F7C8376A5295}.Release|Any CPU.Build.0 = Release|Any CPU
		{D1B188FE-DF7F-4A6B-BB48-0E8ECBC8245F}.Debug|Any CPU.ActiveCfg = Debug|Any CPU
		{D1B188FE-DF7F-4A6B-BB48-0E8ECBC8245F}.Debug|Any CPU.Build.0 = Debug|Any CPU
		{D1B188FE-DF7F-4A6B-BB48-0E8ECBC8245F}.Release|Any CPU.ActiveCfg = Release|Any CPU
		{D1B188FE-DF7F-4A6B-BB48-0E8ECBC8245F}.Release|Any CPU.Build.0 = Release|Any CPU
	EndGlobalSection
EndGlobal
